// !$*UTF8*$!
{
	archiveVersion = 1;
	classes = {
	};
	objectVersion = 77;
	objects = {

/* Begin PBXBuildFile section */
		079F91D0E8AC0EF3A4ED9890 /* DecideCore in Frameworks */ = {isa = PBXBuildFile; productRef = 531BBB0828CF005E39F2DA5A /* DecideCore */; };
		BAE16A789FFB1C2D2B954A9C /* DecideFlow in Frameworks */ = {isa = PBXBuildFile; productRef = 0CC2A43BB7EBCE16CB38D872 /* DecideFlow */; };
		284ABAE800FB320191A05F3B /* DecideCore in Frameworks */ = {isa = PBXBuildFile; productRef = D0121209587C1C7C92FF0A61 /* DecideCore */; };
		1623978F16CD32F31FDA1422 /* DecideFlow in Frameworks */ = {isa = PBXBuildFile; productRef = 8202D16789CA7C3D143A9B91 /* DecideFlow */; };
/* End PBXBuildFile section */

/* Begin PBXContainerItemProxy section */
		CB171361D72C5C23322C925D /* PBXContainerItemProxy */ = {
			isa = PBXContainerItemProxy;
			containerPortal = FE2D36A2D12337A6AA741AB5 /* Project object */;
			proxyType = 1;
			remoteGlobalIDString = ACB84B7628CFEF3E5C8A8758;
			remoteInfo = Decide;
		};
		A3EC3CF759882FA9B0830BBB /* PBXContainerItemProxy */ = {
			isa = PBXContainerItemProxy;
			containerPortal = FE2D36A2D12337A6AA741AB5 /* Project object */;
			proxyType = 1;
			remoteGlobalIDString = ACB84B7628CFEF3E5C8A8758;
			remoteInfo = Decide;
		};
/* End PBXContainerItemProxy section */

/* Begin PBXFileReference section */
		FB75A4BA69C65A4D4BD479B4 /* Decide.app */ = {isa = PBXFileReference; explicitFileType = wrapper.application; includeInIndex = 0; path = Decide.app; sourceTree = BUILT_PRODUCTS_DIR; };
		DB55C407890731E8DD4B2126 /* DecideTests.xctest */ = {isa = PBXFileReference; explicitFileType = wrapper.cfbundle; includeInIndex = 0; path = DecideTests.xctest; sourceTree = BUILT_PRODUCTS_DIR; };
		0A6D117385C5EAE1E7F8AE89 /* DecideUITests.xctest */ = {isa = PBXFileReference; explicitFileType = wrapper.cfbundle; includeInIndex = 0; path = DecideUITests.xctest; sourceTree = BUILT_PRODUCTS_DIR; };
		CD65C99A147483303EC76BA6 /* Shared.xcconfig */ = {isa = PBXFileReference; lastKnownFileType = text.xcconfig; path = Shared.xcconfig; sourceTree = "<group>"; };
		F1466D0BB2ECB5446ABC18BD /* Debug.xcconfig */ = {isa = PBXFileReference; lastKnownFileType = text.xcconfig; path = Debug.xcconfig; sourceTree = "<group>"; };
		992FF50C1096F7273C8EE3D2 /* Release.xcconfig */ = {isa = PBXFileReference; lastKnownFileType = text.xcconfig; path = Release.xcconfig; sourceTree = "<group>"; };
		360335A62A2AE0CEFAADE231 /* Info.plist */ = {isa = PBXFileReference; lastKnownFileType = text.plist.xml; path = Info.plist; sourceTree = "<group>"; };
		6B88B55CF6CDE705B1EA15C0 /* Decide.storekit */ = {isa = PBXFileReference; lastKnownFileType = text; path = Decide.storekit; sourceTree = "<group>"; };
/* End PBXFileReference section */

/* Begin PBXFileSystemSynchronizedRootGroup section */
		33A964F40DE857519CA02D71 /* App */ = {
			isa = PBXFileSystemSynchronizedRootGroup;
			path = App;
			sourceTree = "<group>";
		};
		23BC403DCAE369F260F0246D /* Tests/DecideAppTests */ = {
			isa = PBXFileSystemSynchronizedRootGroup;
			path = Tests/DecideAppTests;
			sourceTree = "<group>";
		};
		FE16101599EA6873AF73ECB7 /* Tests/DecideUITests */ = {
			isa = PBXFileSystemSynchronizedRootGroup;
			path = Tests/DecideUITests;
			sourceTree = "<group>";
		};
/* End PBXFileSystemSynchronizedRootGroup section */

/* Begin PBXFrameworksBuildPhase section */
		F0A13EB17A0CA4968C8CCBB9 /* Frameworks */ = {
			isa = PBXFrameworksBuildPhase;
			buildActionMask = 2147483647;
			files = (
				079F91D0E8AC0EF3A4ED9890 /* DecideCore in Frameworks */,
				BAE16A789FFB1C2D2B954A9C /* DecideFlow in Frameworks */,
			);
			runOnlyForDeploymentPostprocessing = 0;
		};
		952977DE5FE81DBE147C5F29 /* Frameworks */ = {
			isa = PBXFrameworksBuildPhase;
			buildActionMask = 2147483647;
			files = (
				284ABAE800FB320191A05F3B /* DecideCore in Frameworks */,
				1623978F16CD32F31FDA1422 /* DecideFlow in Frameworks */,
			);
			runOnlyForDeploymentPostprocessing = 0;
		};
		111F2B8578A8F47DA134D1A4 /* Frameworks */ = {
			isa = PBXFrameworksBuildPhase;
			buildActionMask = 2147483647;
			files = (
			);
			runOnlyForDeploymentPostprocessing = 0;
		};
/* End PBXFrameworksBuildPhase section */

/* Begin PBXGroup section */
		27408013D2536D3F857B43B5 = {
			isa = PBXGroup;
			children = (
				33A964F40DE857519CA02D71 /* App */,
				23BC403DCAE369F260F0246D /* Tests/DecideAppTests */,
				FE16101599EA6873AF73ECB7 /* Tests/DecideUITests */,
				5F0612B8FD34376D5DDAB244 /* Config */,
				076D80B348A3D8C390911A31 /* Products */,
			);
			sourceTree = "<group>";
		};
		5F0612B8FD34376D5DDAB244 /* Config */ = {
			isa = PBXGroup;
			children = (
				360335A62A2AE0CEFAADE231 /* Info.plist */,
				CD65C99A147483303EC76BA6 /* Shared.xcconfig */,
				F1466D0BB2ECB5446ABC18BD /* Debug.xcconfig */,
				992FF50C1096F7273C8EE3D2 /* Release.xcconfig */,
				6B88B55CF6CDE705B1EA15C0 /* Decide.storekit */,
			);
			path = Config;
			sourceTree = "<group>";
		};
		076D80B348A3D8C390911A31 /* Products */ = {
			isa = PBXGroup;
			children = (
				FB75A4BA69C65A4D4BD479B4 /* Decide.app */,
				DB55C407890731E8DD4B2126 /* DecideTests.xctest */,
				0A6D117385C5EAE1E7F8AE89 /* DecideUITests.xctest */,
			);
			name = Products;
			sourceTree = "<group>";
		};
/* End PBXGroup section */

/* Begin PBXNativeTarget section */
		ACB84B7628CFEF3E5C8A8758 /* Decide */ = {
			isa = PBXNativeTarget;
			buildConfigurationList = 1BF8B3268EE0AC0F873FED3B /* Build configuration list for PBXNativeTarget "Decide" */;
			buildPhases = (
				0CA250963687B6AF2757477B /* Sources */,
				F0A13EB17A0CA4968C8CCBB9 /* Frameworks */,
				85AD61DB51EE96F4610EB73C /* Resources */,
			);
			buildRules = (
			);
			dependencies = (
			);
			fileSystemSynchronizedGroups = (
				33A964F40DE857519CA02D71,
			);
			name = Decide;
			productName = Decide;
			productReference = FB75A4BA69C65A4D4BD479B4 /* Decide */;
			productType = "com.apple.product-type.application";
			packageProductDependencies = (
				531BBB0828CF005E39F2DA5A /* DecideCore */,
				0CC2A43BB7EBCE16CB38D872 /* DecideFlow */,
			);
		};
		8458946629490D6128FA90B0 /* DecideTests */ = {
			isa = PBXNativeTarget;
			buildConfigurationList = FA7ECA82DBE1861692106E04 /* Build configuration list for PBXNativeTarget "DecideTests" */;
			buildPhases = (
				35FD99DB905BD928E4C6FC50 /* Sources */,
				952977DE5FE81DBE147C5F29 /* Frameworks */,
				6CB3300F6DEA4278546D06FC /* Resources */,
			);
			buildRules = (
			);
			dependencies = (
				26C490DA5B0223F904A8CB4D /* PBXTargetDependency */,
			);
			fileSystemSynchronizedGroups = (
				23BC403DCAE369F260F0246D,
			);
			name = DecideTests;
			productName = DecideTests;
			productReference = DB55C407890731E8DD4B2126 /* DecideTests */;
			productType = "com.apple.product-type.bundle.unit-test";
			packageProductDependencies = (
				D0121209587C1C7C92FF0A61 /* DecideCore */,
				8202D16789CA7C3D143A9B91 /* DecideFlow */,
			);
		};
		2E6B6635AC3090A4D12396B7 /* DecideUITests */ = {
			isa = PBXNativeTarget;
			buildConfigurationList = 46DBCA6827B3F2EB5549A477 /* Build configuration list for PBXNativeTarget "DecideUITests" */;
			buildPhases = (
				A66691FB5B9549158E656747 /* Sources */,
				111F2B8578A8F47DA134D1A4 /* Frameworks */,
				C345629D201189BF06FC3464 /* Resources */,
			);
			buildRules = (
			);
			dependencies = (
				D5DE1F0D39ABE184172C5EB3 /* PBXTargetDependency */,
			);
			fileSystemSynchronizedGroups = (
				FE16101599EA6873AF73ECB7,
			);
			name = DecideUITests;
			productName = DecideUITests;
			productReference = 0A6D117385C5EAE1E7F8AE89 /* DecideUITests */;
			productType = "com.apple.product-type.bundle.ui-testing";
		};
/* End PBXNativeTarget section */

/* Begin PBXProject section */
		FE2D36A2D12337A6AA741AB5 /* Project object */ = {
			isa = PBXProject;
			attributes = {
				BuildIndependentTargetsInParallel = 1;
				LastSwiftUpdateCheck = 1620;
				LastUpgradeCheck = 1620;
				TargetAttributes = {
					ACB84B7628CFEF3E5C8A8758 = {
						CreatedOnToolsVersion = 16.2;
					};
					8458946629490D6128FA90B0 = {
						CreatedOnToolsVersion = 16.2;
						TestTargetID = ACB84B7628CFEF3E5C8A8758;
					};
					2E6B6635AC3090A4D12396B7 = {
						CreatedOnToolsVersion = 16.2;
						TestTargetID = ACB84B7628CFEF3E5C8A8758;
					};
				};
			};
			buildConfigurationList = DB48B5AD2366E5F08ABD364B /* Build configuration list for PBXProject "Decide" */;
			developmentRegion = en;
			hasScannedForEncodings = 0;
			knownRegions = (
				en,
				Base,
			);
			mainGroup = 27408013D2536D3F857B43B5;
			minimizedProjectReferenceProxies = 1;
			packageReferences = (
				69FC2A0E9487E329B9C11A56 /* XCLocalSwiftPackageReference "Packages/DecideKit" */,
			);
			preferredProjectObjectVersion = 77;
			productRefGroup = 076D80B348A3D8C390911A31 /* Products */;
			projectDirPath = "";
			projectRoot = "";
			targets = (
				ACB84B7628CFEF3E5C8A8758 /* Decide */,
				8458946629490D6128FA90B0 /* DecideTests */,
				2E6B6635AC3090A4D12396B7 /* DecideUITests */,
			);
		};
/* End PBXProject section */

/* Begin PBXResourcesBuildPhase section */
		85AD61DB51EE96F4610EB73C /* Resources */ = {
			isa = PBXResourcesBuildPhase;
			buildActionMask = 2147483647;
			files = (
			);
			runOnlyForDeploymentPostprocessing = 0;
		};
		6CB3300F6DEA4278546D06FC /* Resources */ = {
			isa = PBXResourcesBuildPhase;
			buildActionMask = 2147483647;
			files = (
			);
			runOnlyForDeploymentPostprocessing = 0;
		};
		C345629D201189BF06FC3464 /* Resources */ = {
			isa = PBXResourcesBuildPhase;
			buildActionMask = 2147483647;
			files = (
			);
			runOnlyForDeploymentPostprocessing = 0;
		};
/* End PBXResourcesBuildPhase section */

/* Begin PBXSourcesBuildPhase section */
		0CA250963687B6AF2757477B /* Sources */ = {
			isa = PBXSourcesBuildPhase;
			buildActionMask = 2147483647;
			files = (
			);
			runOnlyForDeploymentPostprocessing = 0;
		};
		35FD99DB905BD928E4C6FC50 /* Sources */ = {
			isa = PBXSourcesBuildPhase;
			buildActionMask = 2147483647;
			files = (
			);
			runOnlyForDeploymentPostprocessing = 0;
		};
		A66691FB5B9549158E656747 /* Sources */ = {
			isa = PBXSourcesBuildPhase;
			buildActionMask = 2147483647;
			files = (
			);
			runOnlyForDeploymentPostprocessing = 0;
		};
/* End PBXSourcesBuildPhase section */

/* Begin PBXTargetDependency section */
		26C490DA5B0223F904A8CB4D /* PBXTargetDependency */ = {
			isa = PBXTargetDependency;
			target = ACB84B7628CFEF3E5C8A8758 /* Decide */;
			targetProxy = CB171361D72C5C23322C925D /* PBXContainerItemProxy */;
		};
		D5DE1F0D39ABE184172C5EB3 /* PBXTargetDependency */ = {
			isa = PBXTargetDependency;
			target = ACB84B7628CFEF3E5C8A8758 /* Decide */;
			targetProxy = A3EC3CF759882FA9B0830BBB /* PBXContainerItemProxy */;
		};
/* End PBXTargetDependency section */

/* Begin XCBuildConfiguration section */
		2A782BA5F202F9693C1E234E /* Debug */ = {
			isa = XCBuildConfiguration;
			buildSettings = {
				ALWAYS_SEARCH_USER_PATHS = NO;
				ASSETCATALOG_COMPILER_GENERATE_SWIFT_ASSET_SYMBOL_EXTENSIONS = YES;
				CLANG_ANALYZER_NONNULL = YES;
				CLANG_ENABLE_MODULES = YES;
				CLANG_ENABLE_OBJC_ARC = YES;
				CLANG_WARN_DOCUMENTATION_COMMENTS = YES;
				COPY_PHASE_STRIP = NO;
				DEBUG_INFORMATION_FORMAT = dwarf;
				ENABLE_STRICT_OBJC_MSGSEND = YES;
				ENABLE_TESTABILITY = YES;
				ENABLE_USER_SCRIPT_SANDBOXING = YES;
				GCC_NO_COMMON_BLOCKS = YES;
				GCC_OPTIMIZATION_LEVEL = 0;
				GCC_PREPROCESSOR_DEFINITIONS = (
					"DEBUG=1",
					"$(inherited)",
				);
				IPHONEOS_DEPLOYMENT_TARGET = 17.0;
				LOCALIZATION_PREFERS_STRING_CATALOGS = YES;
				MTL_ENABLE_DEBUG_INFO = INCLUDE_SOURCE;
				ONLY_ACTIVE_ARCH = YES;
				SDKROOT = iphoneos;
				SWIFT_ACTIVE_COMPILATION_CONDITIONS = "DEBUG $(inherited)";
				SWIFT_OPTIMIZATION_LEVEL = "-Onone";
				SWIFT_STRICT_CONCURRENCY = complete;
				SWIFT_VERSION = 6.0;
			};
			name = Debug;
		};
		81438AF2353FA4F710DD1910 /* Release */ = {
			isa = XCBuildConfiguration;
			buildSettings = {
				ALWAYS_SEARCH_USER_PATHS = NO;
				ASSETCATALOG_COMPILER_GENERATE_SWIFT_ASSET_SYMBOL_EXTENSIONS = YES;
				CLANG_ANALYZER_NONNULL = YES;
				CLANG_ENABLE_MODULES = YES;
				CLANG_ENABLE_OBJC_ARC = YES;
				CLANG_WARN_DOCUMENTATION_COMMENTS = YES;
				COPY_PHASE_STRIP = NO;
				DEBUG_INFORMATION_FORMAT = "dwarf-with-dsym";
				ENABLE_NS_ASSERTIONS = NO;
				ENABLE_STRICT_OBJC_MSGSEND = YES;
				ENABLE_USER_SCRIPT_SANDBOXING = YES;
				GCC_NO_COMMON_BLOCKS = YES;
				IPHONEOS_DEPLOYMENT_TARGET = 17.0;
				LOCALIZATION_PREFERS_STRING_CATALOGS = YES;
				MTL_ENABLE_DEBUG_INFO = NO;
				SDKROOT = iphoneos;
				SWIFT_COMPILATION_MODE = wholemodule;
				SWIFT_STRICT_CONCURRENCY = complete;
				SWIFT_VERSION = 6.0;
				VALIDATE_PRODUCT = YES;
			};
			name = Release;
		};
		E4DBDE3BCF1DE092474C3134 /* Debug */ = {
			isa = XCBuildConfiguration;
			baseConfigurationReference = F1466D0BB2ECB5446ABC18BD /* Debug.xcconfig */;
			buildSettings = {
				ASSETCATALOG_COMPILER_APPICON_NAME = AppIcon;
				ASSETCATALOG_COMPILER_GLOBAL_ACCENT_COLOR_NAME = AccentColor;
				CODE_SIGN_STYLE = Automatic;
				CURRENT_PROJECT_VERSION = 1;
				ENABLE_PREVIEWS = YES;
				GENERATE_INFOPLIST_FILE = NO;
				INFOPLIST_FILE = Config/Info.plist;
				INFOPLIST_KEY_UIApplicationSceneManifest_Generation = YES;
				LD_RUNPATH_SEARCH_PATHS = (
					"$(inherited)",
					"@executable_path/Frameworks",
				);
				MARKETING_VERSION = 1.0.0;
				PRODUCT_BUNDLE_IDENTIFIER = com.decide.app;
				PRODUCT_NAME = "$(TARGET_NAME)";
				SWIFT_EMIT_LOC_STRINGS = YES;
				TARGETED_DEVICE_FAMILY = 1;
			};
			name = Debug;
		};
		C7175C3851AA16EAC439DABA /* Release */ = {
			isa = XCBuildConfiguration;
			baseConfigurationReference = 992FF50C1096F7273C8EE3D2 /* Release.xcconfig */;
			buildSettings = {
				ASSETCATALOG_COMPILER_APPICON_NAME = AppIcon;
				ASSETCATALOG_COMPILER_GLOBAL_ACCENT_COLOR_NAME = AccentColor;
				CODE_SIGN_STYLE = Automatic;
				CURRENT_PROJECT_VERSION = 1;
				ENABLE_PREVIEWS = YES;
				GENERATE_INFOPLIST_FILE = NO;
				INFOPLIST_FILE = Config/Info.plist;
				INFOPLIST_KEY_UIApplicationSceneManifest_Generation = YES;
				LD_RUNPATH_SEARCH_PATHS = (
					"$(inherited)",
					"@executable_path/Frameworks",
				);
				MARKETING_VERSION = 1.0.0;
				PRODUCT_BUNDLE_IDENTIFIER = com.decide.app;
				PRODUCT_NAME = "$(TARGET_NAME)";
				SWIFT_EMIT_LOC_STRINGS = YES;
				TARGETED_DEVICE_FAMILY = 1;
			};
			name = Release;
		};
		68486D9B9B0A7E559313ECC2 /* Debug */ = {
			isa = XCBuildConfiguration;
			buildSettings = {
				BUNDLE_LOADER = "$(TEST_HOST)";
				CODE_SIGN_STYLE = Automatic;
				CURRENT_PROJECT_VERSION = 1;
				GENERATE_INFOPLIST_FILE = YES;
				MARKETING_VERSION = 1.0.0;
				PRODUCT_BUNDLE_IDENTIFIER = com.decide.app.tests;
				PRODUCT_NAME = "$(TARGET_NAME)";
				SWIFT_EMIT_LOC_STRINGS = NO;
				TARGETED_DEVICE_FAMILY = 1;
				TEST_HOST = "$(BUILT_PRODUCTS_DIR)/Decide.app/$(BUNDLE_EXECUTABLE_FOLDER_PATH)/Decide";
			};
			name = Debug;
		};
		DAF2CB6AB65A46E8007C032B /* Release */ = {
			isa = XCBuildConfiguration;
			buildSettings = {
				BUNDLE_LOADER = "$(TEST_HOST)";
				CODE_SIGN_STYLE = Automatic;
				CURRENT_PROJECT_VERSION = 1;
				GENERATE_INFOPLIST_FILE = YES;
				MARKETING_VERSION = 1.0.0;
				PRODUCT_BUNDLE_IDENTIFIER = com.decide.app.tests;
				PRODUCT_NAME = "$(TARGET_NAME)";
				SWIFT_EMIT_LOC_STRINGS = NO;
				TARGETED_DEVICE_FAMILY = 1;
				TEST_HOST = "$(BUILT_PRODUCTS_DIR)/Decide.app/$(BUNDLE_EXECUTABLE_FOLDER_PATH)/Decide";
			};
			name = Release;
		};
		BF008DB4DDFE1A8BFD4A9236 /* Debug */ = {
			isa = XCBuildConfiguration;
			buildSettings = {
				CODE_SIGN_STYLE = Automatic;
				CURRENT_PROJECT_VERSION = 1;
				GENERATE_INFOPLIST_FILE = YES;
				MARKETING_VERSION = 1.0.0;
				PRODUCT_BUNDLE_IDENTIFIER = com.decide.app.uitests;
				PRODUCT_NAME = "$(TARGET_NAME)";
				SWIFT_EMIT_LOC_STRINGS = NO;
				TARGETED_DEVICE_FAMILY = 1;
				TEST_TARGET_NAME = Decide;
			};
			name = Debug;
		};
		95BB88188582B207A084A79A /* Release */ = {
			isa = XCBuildConfiguration;
			buildSettings = {
				CODE_SIGN_STYLE = Automatic;
				CURRENT_PROJECT_VERSION = 1;
				GENERATE_INFOPLIST_FILE = YES;
				MARKETING_VERSION = 1.0.0;
				PRODUCT_BUNDLE_IDENTIFIER = com.decide.app.uitests;
				PRODUCT_NAME = "$(TARGET_NAME)";
				SWIFT_EMIT_LOC_STRINGS = NO;
				TARGETED_DEVICE_FAMILY = 1;
				TEST_TARGET_NAME = Decide;
			};
			name = Release;
		};
/* End XCBuildConfiguration section */

/* Begin XCConfigurationList section */
		DB48B5AD2366E5F08ABD364B /* Build configuration list for PBXProject "Decide" */ = {
			isa = XCConfigurationList;
			buildConfigurations = (
				2A782BA5F202F9693C1E234E /* Debug */,
				81438AF2353FA4F710DD1910 /* Release */,
			);
			defaultConfigurationIsVisible = 0;
			defaultConfigurationName = Release;
		};
		1BF8B3268EE0AC0F873FED3B /* Build configuration list for PBXNativeTarget "Decide" */ = {
			isa = XCConfigurationList;
			buildConfigurations = (
				E4DBDE3BCF1DE092474C3134 /* Debug */,
				C7175C3851AA16EAC439DABA /* Release */,
			);
			defaultConfigurationIsVisible = 0;
			defaultConfigurationName = Release;
		};
		FA7ECA82DBE1861692106E04 /* Build configuration list for PBXNativeTarget "DecideTests" */ = {
			isa = XCConfigurationList;
			buildConfigurations = (
				68486D9B9B0A7E559313ECC2 /* Debug */,
				DAF2CB6AB65A46E8007C032B /* Release */,
			);
			defaultConfigurationIsVisible = 0;
			defaultConfigurationName = Release;
		};
		46DBCA6827B3F2EB5549A477 /* Build configuration list for PBXNativeTarget "DecideUITests" */ = {
			isa = XCConfigurationList;
			buildConfigurations = (
				BF008DB4DDFE1A8BFD4A9236 /* Debug */,
				95BB88188582B207A084A79A /* Release */,
			);
			defaultConfigurationIsVisible = 0;
			defaultConfigurationName = Release;
		};
/* End XCConfigurationList section */

/* Begin XCLocalSwiftPackageReference section */
		69FC2A0E9487E329B9C11A56 /* XCLocalSwiftPackageReference "Packages/DecideKit" */ = {
			isa = XCLocalSwiftPackageReference;
			relativePath = Packages/DecideKit;
		};
/* End XCLocalSwiftPackageReference section */

/* Begin XCSwiftPackageProductDependency section */
		531BBB0828CF005E39F2DA5A /* DecideCore */ = {
			isa = XCSwiftPackageProductDependency;
			productName = DecideCore;
		};
		0CC2A43BB7EBCE16CB38D872 /* DecideFlow */ = {
			isa = XCSwiftPackageProductDependency;
			productName = DecideFlow;
		};
		D0121209587C1C7C92FF0A61 /* DecideCore */ = {
			isa = XCSwiftPackageProductDependency;
			productName = DecideCore;
		};
		8202D16789CA7C3D143A9B91 /* DecideFlow */ = {
			isa = XCSwiftPackageProductDependency;
			productName = DecideFlow;
		};
/* End XCSwiftPackageProductDependency section */
	};
	rootObject = FE2D36A2D12337A6AA741AB5 /* Project object */;
}
